
Microsoft Visual Studio Solution File, Format Version 12.00
# Visual Studio Version 17
VisualStudioVersion = 17.4.33403.182
MinimumVisualStudioVersion = 10.0.40219.1
Project("{FAE04EC0-301F-11D3-BF4B-00C04F79EFBC}") = "Web-API-With-AOP", "Web-API-With-AOP\Web-API-With-AOP.csproj", "{AF2DB06F-E740-45C5-9F72-CD0C4E54967B}"
EndProject
Global
	GlobalSection(SolutionConfigurationPlatforms) = preSolution
		Debug|Any CPU = Debug|Any CPU
		Release|Any CPU = Release|Any CPU
	EndGlobalSection
	GlobalSection(ProjectConfigurationPlatforms) = postSolution
		{AF2DB06F-E740-45C5-9F72-CD0C4E54967B}.Debug|Any CPU.ActiveCfg = Debug|Any CPU
		{AF2DB06F-E740-45C5-9F72-CD0C4E54967B}.Debug|Any CPU.Build.0 = Debug|Any CPU
		{AF2DB06F-E740-45C5-9F72-CD0C4E54967B}.Release|Any CPU.ActiveCfg = Release|Any CPU
		{AF2DB06F-E740-45C5-9F72-CD0C4E54967B}.Release|Any CPU.Build.0 = Release|Any CPU
	EndGlobalSection
	GlobalSection(SolutionProperties) = preSolution
		HideSolutionNode = FALSE
	EndGlobalSection
	GlobalSection(ExtensibilityGlobals) = postSolution
		SolutionGuid = {4B17559D-8FE0-45B4-A228-8AAE16AC9324}
	EndGlobalSection
EndGlobal
